// !$*UTF8*$!
{
	archiveVersion = 1;
	classes = {
	};
	objectVersion = 51;
	objects = {

/* Begin PBXBuildFile section */
		0D4782FB21B3AAC6FE38C0B3 /* Pods_Flix_FlixUITests.framework in Frameworks */ = {isa = PBXBuildFile; fileRef = 5DE745F857D186FBCD7B571B /* Pods_Flix_FlixUITests.framework */; };
		161C15F3049ACAB4B8745ED5 /* Pods_Flix.framework in Frameworks */ = {isa = PBXBuildFile; fileRef = 5572F027A3BDFCD6695097DC /* Pods_Flix.framework */; };
		31300F5BB5DE199DD17A51DB /* Pods_FlixTests.framework in Frameworks */ = {isa = PBXBuildFile; fileRef = EA10C9FF16122C6B46F2702C /* Pods_FlixTests.framework */; };
		7607F7E32683C4F60042B7B9 /* MovieCell.m in Sources */ = {isa = PBXBuildFile; fileRef = 7607F7E22683C4F60042B7B9 /* MovieCell.m */; };
		7621105B2686854100E18FD6 /* WebKit.framework in Frameworks */ = {isa = PBXBuildFile; fileRef = 7621105A2686854100E18FD6 /* WebKit.framework */; };
		7642A8762685426A00427935 /* MoviesGridViewController.m in Sources */ = {isa = PBXBuildFile; fileRef = 7642A8752685426A00427935 /* MoviesGridViewController.m */; };
		7642A879268545A000427935 /* MovieCollectionCell.m in Sources */ = {isa = PBXBuildFile; fileRef = 7642A878268545A000427935 /* MovieCollectionCell.m */; };
		7642A87C268678E500427935 /* TrailerViewController.m in Sources */ = {isa = PBXBuildFile; fileRef = 7642A87B268678E500427935 /* TrailerViewController.m */; };
		7699818026838F5B00752DA5 /* AppDelegate.m in Sources */ = {isa = PBXBuildFile; fileRef = 7699817F26838F5B00752DA5 /* AppDelegate.m */; };
		7699818326838F5B00752DA5 /* SceneDelegate.m in Sources */ = {isa = PBXBuildFile; fileRef = 7699818226838F5B00752DA5 /* SceneDelegate.m */; };
		7699818926838F5B00752DA5 /* Main.storyboard in Resources */ = {isa = PBXBuildFile; fileRef = 7699818726838F5B00752DA5 /* Main.storyboard */; };
		7699818B26838F5C00752DA5 /* Assets.xcassets in Resources */ = {isa = PBXBuildFile; fileRef = 7699818A26838F5C00752DA5 /* Assets.xcassets */; };
		7699818E26838F5C00752DA5 /* LaunchScreen.storyboard in Resources */ = {isa = PBXBuildFile; fileRef = 7699818C26838F5C00752DA5 /* LaunchScreen.storyboard */; };
		7699819126838F5C00752DA5 /* main.m in Sources */ = {isa = PBXBuildFile; fileRef = 7699819026838F5C00752DA5 /* main.m */; };
		7699819B26838F5D00752DA5 /* FlixTests.m in Sources */ = {isa = PBXBuildFile; fileRef = 7699819A26838F5D00752DA5 /* FlixTests.m */; };
		769981A626838F5D00752DA5 /* FlixUITests.m in Sources */ = {isa = PBXBuildFile; fileRef = 769981A526838F5D00752DA5 /* FlixUITests.m */; };
		769981B5268397F900752DA5 /* MoviesViewController.m in Sources */ = {isa = PBXBuildFile; fileRef = 769981B4268397F900752DA5 /* MoviesViewController.m */; };
		76E33D0D2683E3A1005C03C7 /* DetailsViewController.m in Sources */ = {isa = PBXBuildFile; fileRef = 76E33D0C2683E3A1005C03C7 /* DetailsViewController.m */; };
/* End PBXBuildFile section */

/* Begin PBXContainerItemProxy section */
		7699819726838F5D00752DA5 /* PBXContainerItemProxy */ = {
			isa = PBXContainerItemProxy;
			containerPortal = 7699817326838F5B00752DA5 /* Project object */;
			proxyType = 1;
			remoteGlobalIDString = 7699817A26838F5B00752DA5;
			remoteInfo = Flix;
		};
		769981A226838F5D00752DA5 /* PBXContainerItemProxy */ = {
			isa = PBXContainerItemProxy;
			containerPortal = 7699817326838F5B00752DA5 /* Project object */;
			proxyType = 1;
			remoteGlobalIDString = 7699817A26838F5B00752DA5;
			remoteInfo = Flix;
		};
/* End PBXContainerItemProxy section */

/* Begin PBXFileReference section */
		0779B6385CE945D6069DF8C1 /* Pods-FlixTests.release.xcconfig */ = {isa = PBXFileReference; includeInIndex = 1; lastKnownFileType = text.xcconfig; name = "Pods-FlixTests.release.xcconfig"; path = "Target Support Files/Pods-FlixTests/Pods-FlixTests.release.xcconfig"; sourceTree = "<group>"; };
		5572F027A3BDFCD6695097DC /* Pods_Flix.framework */ = {isa = PBXFileReference; explicitFileType = wrapper.framework; includeInIndex = 0; path = Pods_Flix.framework; sourceTree = BUILT_PRODUCTS_DIR; };
		5DE745F857D186FBCD7B571B /* Pods_Flix_FlixUITests.framework */ = {isa = PBXFileReference; explicitFileType = wrapper.framework; includeInIndex = 0; path = Pods_Flix_FlixUITests.framework; sourceTree = BUILT_PRODUCTS_DIR; };
		6AC270F7C67B0FA34FD7827F /* Pods-Flix.debug.xcconfig */ = {isa = PBXFileReference; includeInIndex = 1; lastKnownFileType = text.xcconfig; name = "Pods-Flix.debug.xcconfig"; path = "Target Support Files/Pods-Flix/Pods-Flix.debug.xcconfig"; sourceTree = "<group>"; };
		75B8DA2FD6CD096182187929 /* Pods-FlixTests.debug.xcconfig */ = {isa = PBXFileReference; includeInIndex = 1; lastKnownFileType = text.xcconfig; name = "Pods-FlixTests.debug.xcconfig"; path = "Target Support Files/Pods-FlixTests/Pods-FlixTests.debug.xcconfig"; sourceTree = "<group>"; };
		7607F7E12683C4F60042B7B9 /* MovieCell.h */ = {isa = PBXFileReference; lastKnownFileType = sourcecode.c.h; path = MovieCell.h; sourceTree = "<group>"; };
		7607F7E22683C4F60042B7B9 /* MovieCell.m */ = {isa = PBXFileReference; lastKnownFileType = sourcecode.c.objc; path = MovieCell.m; sourceTree = "<group>"; };
		7621105A2686854100E18FD6 /* WebKit.framework */ = {isa = PBXFileReference; lastKnownFileType = wrapper.framework; name = WebKit.framework; path = System/Library/Frameworks/WebKit.framework; sourceTree = SDKROOT; };
		7642A8742685426A00427935 /* MoviesGridViewController.h */ = {isa = PBXFileReference; lastKnownFileType = sourcecode.c.h; path = MoviesGridViewController.h; sourceTree = "<group>"; };
		7642A8752685426A00427935 /* MoviesGridViewController.m */ = {isa = PBXFileReference; lastKnownFileType = sourcecode.c.objc; path = MoviesGridViewController.m; sourceTree = "<group>"; };
		7642A877268545A000427935 /* MovieCollectionCell.h */ = {isa = PBXFileReference; lastKnownFileType = sourcecode.c.h; path = MovieCollectionCell.h; sourceTree = "<group>"; };
		7642A878268545A000427935 /* MovieCollectionCell.m */ = {isa = PBXFileReference; lastKnownFileType = sourcecode.c.objc; path = MovieCollectionCell.m; sourceTree = "<group>"; };
		7642A87A268678E500427935 /* TrailerViewController.h */ = {isa = PBXFileReference; lastKnownFileType = sourcecode.c.h; path = TrailerViewController.h; sourceTree = "<group>"; };
		7642A87B268678E500427935 /* TrailerViewController.m */ = {isa = PBXFileReference; lastKnownFileType = sourcecode.c.objc; path = TrailerViewController.m; sourceTree = "<group>"; };
		7699817B26838F5B00752DA5 /* Flix.app */ = {isa = PBXFileReference; explicitFileType = wrapper.application; includeInIndex = 0; path = Flix.app; sourceTree = BUILT_PRODUCTS_DIR; };
		7699817E26838F5B00752DA5 /* AppDelegate.h */ = {isa = PBXFileReference; lastKnownFileType = sourcecode.c.h; path = AppDelegate.h; sourceTree = "<group>"; };
		7699817F26838F5B00752DA5 /* AppDelegate.m */ = {isa = PBXFileReference; lastKnownFileType = sourcecode.c.objc; path = AppDelegate.m; sourceTree = "<group>"; };
		7699818126838F5B00752DA5 /* SceneDelegate.h */ = {isa = PBXFileReference; lastKnownFileType = sourcecode.c.h; path = SceneDelegate.h; sourceTree = "<group>"; };
		7699818226838F5B00752DA5 /* SceneDelegate.m */ = {isa = PBXFileReference; lastKnownFileType = sourcecode.c.objc; path = SceneDelegate.m; sourceTree = "<group>"; };
		7699818826838F5B00752DA5 /* Base */ = {isa = PBXFileReference; lastKnownFileType = file.storyboard; name = Base; path = Base.lproj/Main.storyboard; sourceTree = "<group>"; };
		7699818A26838F5C00752DA5 /* Assets.xcassets */ = {isa = PBXFileReference; lastKnownFileType = folder.assetcatalog; path = Assets.xcassets; sourceTree = "<group>"; };
		7699818D26838F5C00752DA5 /* Base */ = {isa = PBXFileReference; lastKnownFileType = file.storyboard; name = Base; path = Base.lproj/LaunchScreen.storyboard; sourceTree = "<group>"; };
		7699818F26838F5C00752DA5 /* Info.plist */ = {isa = PBXFileReference; lastKnownFileType = text.plist.xml; path = Info.plist; sourceTree = "<group>"; };
		7699819026838F5C00752DA5 /* main.m */ = {isa = PBXFileReference; lastKnownFileType = sourcecode.c.objc; path = main.m; sourceTree = "<group>"; };
		7699819626838F5D00752DA5 /* FlixTests.xctest */ = {isa = PBXFileReference; explicitFileType = wrapper.cfbundle; includeInIndex = 0; path = FlixTests.xctest; sourceTree = BUILT_PRODUCTS_DIR; };
		7699819A26838F5D00752DA5 /* FlixTests.m */ = {isa = PBXFileReference; lastKnownFileType = sourcecode.c.objc; path = FlixTests.m; sourceTree = "<group>"; };
		7699819C26838F5D00752DA5 /* Info.plist */ = {isa = PBXFileReference; lastKnownFileType = text.plist.xml; path = Info.plist; sourceTree = "<group>"; };
		769981A126838F5D00752DA5 /* FlixUITests.xctest */ = {isa = PBXFileReference; explicitFileType = wrapper.cfbundle; includeInIndex = 0; path = FlixUITests.xctest; sourceTree = BUILT_PRODUCTS_DIR; };
		769981A526838F5D00752DA5 /* FlixUITests.m */ = {isa = PBXFileReference; lastKnownFileType = sourcecode.c.objc; path = FlixUITests.m; sourceTree = "<group>"; };
		769981A726838F5D00752DA5 /* Info.plist */ = {isa = PBXFileReference; lastKnownFileType = text.plist.xml; path = Info.plist; sourceTree = "<group>"; };
		769981B3268397F900752DA5 /* MoviesViewController.h */ = {isa = PBXFileReference; lastKnownFileType = sourcecode.c.h; path = MoviesViewController.h; sourceTree = "<group>"; };
		769981B4268397F900752DA5 /* MoviesViewController.m */ = {isa = PBXFileReference; lastKnownFileType = sourcecode.c.objc; path = MoviesViewController.m; sourceTree = "<group>"; };
		76E33D0B2683E3A1005C03C7 /* DetailsViewController.h */ = {isa = PBXFileReference; lastKnownFileType = sourcecode.c.h; path = DetailsViewController.h; sourceTree = "<group>"; };
		76E33D0C2683E3A1005C03C7 /* DetailsViewController.m */ = {isa = PBXFileReference; lastKnownFileType = sourcecode.c.objc; path = DetailsViewController.m; sourceTree = "<group>"; };
		80C6E29CF8D3033D217CF522 /* Pods-Flix-FlixUITests.debug.xcconfig */ = {isa = PBXFileReference; includeInIndex = 1; lastKnownFileType = text.xcconfig; name = "Pods-Flix-FlixUITests.debug.xcconfig"; path = "Target Support Files/Pods-Flix-FlixUITests/Pods-Flix-FlixUITests.debug.xcconfig"; sourceTree = "<group>"; };
		D9C04B7BE2B45CBA0D23CAE1 /* Pods-Flix.release.xcconfig */ = {isa = PBXFileReference; includeInIndex = 1; lastKnownFileType = text.xcconfig; name = "Pods-Flix.release.xcconfig"; path = "Target Support Files/Pods-Flix/Pods-Flix.release.xcconfig"; sourceTree = "<group>"; };
		EA10C9FF16122C6B46F2702C /* Pods_FlixTests.framework */ = {isa = PBXFileReference; explicitFileType = wrapper.framework; includeInIndex = 0; path = Pods_FlixTests.framework; sourceTree = BUILT_PRODUCTS_DIR; };
		FA48A71D62B27B65C34D8A4D /* Pods-Flix-FlixUITests.release.xcconfig */ = {isa = PBXFileReference; includeInIndex = 1; lastKnownFileType = text.xcconfig; name = "Pods-Flix-FlixUITests.release.xcconfig"; path = "Target Support Files/Pods-Flix-FlixUITests/Pods-Flix-FlixUITests.release.xcconfig"; sourceTree = "<group>"; };
/* End PBXFileReference section */

/* Begin PBXFrameworksBuildPhase section */
		7699817826838F5B00752DA5 /* Frameworks */ = {
			isa = PBXFrameworksBuildPhase;
			buildActionMask = 2147483647;
			files = (
				7621105B2686854100E18FD6 /* WebKit.framework in Frameworks */,
				161C15F3049ACAB4B8745ED5 /* Pods_Flix.framework in Frameworks */,
			);
			runOnlyForDeploymentPostprocessing = 0;
		};
		7699819326838F5D00752DA5 /* Frameworks */ = {
			isa = PBXFrameworksBuildPhase;
			buildActionMask = 2147483647;
			files = (
				31300F5BB5DE199DD17A51DB /* Pods_FlixTests.framework in Frameworks */,
			);
			runOnlyForDeploymentPostprocessing = 0;
		};
		7699819E26838F5D00752DA5 /* Frameworks */ = {
			isa = PBXFrameworksBuildPhase;
			buildActionMask = 2147483647;
			files = (
				0D4782FB21B3AAC6FE38C0B3 /* Pods_Flix_FlixUITests.framework in Frameworks */,
			);
			runOnlyForDeploymentPostprocessing = 0;
		};
/* End PBXFrameworksBuildPhase section */

/* Begin PBXGroup section */
		2DA140187F5B8A9ADFE30CAE /* Frameworks */ = {
			isa = PBXGroup;
			children = (
				7621105A2686854100E18FD6 /* WebKit.framework */,
				5572F027A3BDFCD6695097DC /* Pods_Flix.framework */,
				5DE745F857D186FBCD7B571B /* Pods_Flix_FlixUITests.framework */,
				EA10C9FF16122C6B46F2702C /* Pods_FlixTests.framework */,
			);
			name = Frameworks;
			sourceTree = "<group>";
		};
		7699817226838F5B00752DA5 = {
			isa = PBXGroup;
			children = (
				7699817D26838F5B00752DA5 /* Flix */,
				7699819926838F5D00752DA5 /* FlixTests */,
				769981A426838F5D00752DA5 /* FlixUITests */,
				7699817C26838F5B00752DA5 /* Products */,
				B53102B5B3FF1025A67D4603 /* Pods */,
				2DA140187F5B8A9ADFE30CAE /* Frameworks */,
			);
			sourceTree = "<group>";
		};
		7699817C26838F5B00752DA5 /* Products */ = {
			isa = PBXGroup;
			children = (
				7699817B26838F5B00752DA5 /* Flix.app */,
				7699819626838F5D00752DA5 /* FlixTests.xctest */,
				769981A126838F5D00752DA5 /* FlixUITests.xctest */,
			);
			name = Products;
			sourceTree = "<group>";
		};
		7699817D26838F5B00752DA5 /* Flix */ = {
			isa = PBXGroup;
			children = (
				769981BB26839E2E00752DA5 /* Views */,
				769981BA26839E2A00752DA5 /* Models */,
				769981B926839E1A00752DA5 /* View Controllers */,
				7699817E26838F5B00752DA5 /* AppDelegate.h */,
				7699817F26838F5B00752DA5 /* AppDelegate.m */,
				7699818126838F5B00752DA5 /* SceneDelegate.h */,
				7699818226838F5B00752DA5 /* SceneDelegate.m */,
				7699818726838F5B00752DA5 /* Main.storyboard */,
				7699818A26838F5C00752DA5 /* Assets.xcassets */,
				7699818C26838F5C00752DA5 /* LaunchScreen.storyboard */,
				7699818F26838F5C00752DA5 /* Info.plist */,
				7699819026838F5C00752DA5 /* main.m */,
			);
			path = Flix;
			sourceTree = "<group>";
		};
		7699819926838F5D00752DA5 /* FlixTests */ = {
			isa = PBXGroup;
			children = (
				7699819A26838F5D00752DA5 /* FlixTests.m */,
				7699819C26838F5D00752DA5 /* Info.plist */,
			);
			path = FlixTests;
			sourceTree = "<group>";
		};
		769981A426838F5D00752DA5 /* FlixUITests */ = {
			isa = PBXGroup;
			children = (
				769981A526838F5D00752DA5 /* FlixUITests.m */,
				769981A726838F5D00752DA5 /* Info.plist */,
			);
			path = FlixUITests;
			sourceTree = "<group>";
		};
		769981B926839E1A00752DA5 /* View Controllers */ = {
			isa = PBXGroup;
			children = (
				769981B3268397F900752DA5 /* MoviesViewController.h */,
				769981B4268397F900752DA5 /* MoviesViewController.m */,
				76E33D0B2683E3A1005C03C7 /* DetailsViewController.h */,
				76E33D0C2683E3A1005C03C7 /* DetailsViewController.m */,
				7642A8742685426A00427935 /* MoviesGridViewController.h */,
				7642A8752685426A00427935 /* MoviesGridViewController.m */,
				7642A87A268678E500427935 /* TrailerViewController.h */,
				7642A87B268678E500427935 /* TrailerViewController.m */,
			);
			path = "View Controllers";
			sourceTree = "<group>";
		};
		769981BA26839E2A00752DA5 /* Models */ = {
			isa = PBXGroup;
			children = (
			);
			path = Models;
			sourceTree = "<group>";
		};
		769981BB26839E2E00752DA5 /* Views */ = {
			isa = PBXGroup;
			children = (
				7607F7E12683C4F60042B7B9 /* MovieCell.h */,
				7607F7E22683C4F60042B7B9 /* MovieCell.m */,
				7642A877268545A000427935 /* MovieCollectionCell.h */,
				7642A878268545A000427935 /* MovieCollectionCell.m */,
			);
			path = Views;
			sourceTree = "<group>";
		};
		B53102B5B3FF1025A67D4603 /* Pods */ = {
			isa = PBXGroup;
			children = (
				6AC270F7C67B0FA34FD7827F /* Pods-Flix.debug.xcconfig */,
				D9C04B7BE2B45CBA0D23CAE1 /* Pods-Flix.release.xcconfig */,
				80C6E29CF8D3033D217CF522 /* Pods-Flix-FlixUITests.debug.xcconfig */,
				FA48A71D62B27B65C34D8A4D /* Pods-Flix-FlixUITests.release.xcconfig */,
				75B8DA2FD6CD096182187929 /* Pods-FlixTests.debug.xcconfig */,
				0779B6385CE945D6069DF8C1 /* Pods-FlixTests.release.xcconfig */,
			);
			path = Pods;
			sourceTree = "<group>";
		};
/* End PBXGroup section */

/* Begin PBXNativeTarget section */
		7699817A26838F5B00752DA5 /* Flix */ = {
			isa = PBXNativeTarget;
			buildConfigurationList = 769981AA26838F5D00752DA5 /* Build configuration list for PBXNativeTarget "Flix" */;
			buildPhases = (
				6D10CB065876FE1A6E6AFBAF /* [CP] Check Pods Manifest.lock */,
				7699817726838F5B00752DA5 /* Sources */,
				7699817826838F5B00752DA5 /* Frameworks */,
				7699817926838F5B00752DA5 /* Resources */,
				C9535A14A571EA9DDBE9EF46 /* [CP] Embed Pods Frameworks */,
			);
			buildRules = (
			);
			dependencies = (
			);
			name = Flix;
			productName = Flix;
			productReference = 7699817B26838F5B00752DA5 /* Flix.app */;
			productType = "com.apple.product-type.application";
		};
		7699819526838F5D00752DA5 /* FlixTests */ = {
			isa = PBXNativeTarget;
			buildConfigurationList = 769981AD26838F5D00752DA5 /* Build configuration list for PBXNativeTarget "FlixTests" */;
			buildPhases = (
				DA00D4F2C54CDC6AD6007B2E /* [CP] Check Pods Manifest.lock */,
				7699819226838F5D00752DA5 /* Sources */,
				7699819326838F5D00752DA5 /* Frameworks */,
				7699819426838F5D00752DA5 /* Resources */,
			);
			buildRules = (
			);
			dependencies = (
				7699819826838F5D00752DA5 /* PBXTargetDependency */,
			);
			name = FlixTests;
			productName = FlixTests;
			productReference = 7699819626838F5D00752DA5 /* FlixTests.xctest */;
			productType = "com.apple.product-type.bundle.unit-test";
		};
		769981A026838F5D00752DA5 /* FlixUITests */ = {
			isa = PBXNativeTarget;
			buildConfigurationList = 769981B026838F5D00752DA5 /* Build configuration list for PBXNativeTarget "FlixUITests" */;
			buildPhases = (
				007EC9A4018F638AA9FAF52F /* [CP] Check Pods Manifest.lock */,
				7699819D26838F5D00752DA5 /* Sources */,
				7699819E26838F5D00752DA5 /* Frameworks */,
				7699819F26838F5D00752DA5 /* Resources */,
				9C3F11C3C1287FF27972E5F3 /* [CP] Embed Pods Frameworks */,
			);
			buildRules = (
			);
			dependencies = (
				769981A326838F5D00752DA5 /* PBXTargetDependency */,
			);
			name = FlixUITests;
			productName = FlixUITests;
			productReference = 769981A126838F5D00752DA5 /* FlixUITests.xctest */;
			productType = "com.apple.product-type.bundle.ui-testing";
		};
/* End PBXNativeTarget section */

/* Begin PBXProject section */
		7699817326838F5B00752DA5 /* Project object */ = {
			isa = PBXProject;
			attributes = {
				LastUpgradeCheck = 1250;
				TargetAttributes = {
					7699817A26838F5B00752DA5 = {
						CreatedOnToolsVersion = 12.5.1;
					};
					7699819526838F5D00752DA5 = {
						CreatedOnToolsVersion = 12.5.1;
						TestTargetID = 7699817A26838F5B00752DA5;
					};
					769981A026838F5D00752DA5 = {
						CreatedOnToolsVersion = 12.5.1;
						TestTargetID = 7699817A26838F5B00752DA5;
					};
				};
			};
			buildConfigurationList = 7699817626838F5B00752DA5 /* Build configuration list for PBXProject "Flix" */;
			compatibilityVersion = "Xcode 9.3";
			developmentRegion = en;
			hasScannedForEncodings = 0;
			knownRegions = (
				en,
				Base,
			);
			mainGroup = 7699817226838F5B00752DA5;
			productRefGroup = 7699817C26838F5B00752DA5 /* Products */;
			projectDirPath = "";
			projectRoot = "";
			targets = (
				7699817A26838F5B00752DA5 /* Flix */,
				7699819526838F5D00752DA5 /* FlixTests */,
				769981A026838F5D00752DA5 /* FlixUITests */,
			);
		};
/* End PBXProject section */

/* Begin PBXResourcesBuildPhase section */
		7699817926838F5B00752DA5 /* Resources */ = {
			isa = PBXResourcesBuildPhase;
			buildActionMask = 2147483647;
			files = (
				7699818E26838F5C00752DA5 /* LaunchScreen.storyboard in Resources */,
				7699818B26838F5C00752DA5 /* Assets.xcassets in Resources */,
				7699818926838F5B00752DA5 /* Main.storyboard in Resources */,
			);
			runOnlyForDeploymentPostprocessing = 0;
		};
		7699819426838F5D00752DA5 /* Resources */ = {
			isa = PBXResourcesBuildPhase;
			buildActionMask = 2147483647;
			files = (
			);
			runOnlyForDeploymentPostprocessing = 0;
		};
		7699819F26838F5D00752DA5 /* Resources */ = {
			isa = PBXResourcesBuildPhase;
			buildActionMask = 2147483647;
			files = (
			);
			runOnlyForDeploymentPostprocessing = 0;
		};
/* End PBXResourcesBuildPhase section */

/* Begin PBXShellScriptBuildPhase section */
		007EC9A4018F638AA9FAF52F /* [CP] Check Pods Manifest.lock */ = {
			isa = PBXShellScriptBuildPhase;
			buildActionMask = 2147483647;
			files = (
			);
			inputFileListPaths = (
			);
			inputPaths = (
				"${PODS_PODFILE_DIR_PATH}/Podfile.lock",
				"${PODS_ROOT}/Manifest.lock",
			);
			name = "[CP] Check Pods Manifest.lock";
			outputFileListPaths = (
			);
			outputPaths = (
				"$(DERIVED_FILE_DIR)/Pods-Flix-FlixUITests-checkManifestLockResult.txt",
			);
			runOnlyForDeploymentPostprocessing = 0;
			shellPath = /bin/sh;
			shellScript = "diff \"${PODS_PODFILE_DIR_PATH}/Podfile.lock\" \"${PODS_ROOT}/Manifest.lock\" > /dev/null\nif [ $? != 0 ] ; then\n    # print error to STDERR\n    echo \"error: The sandbox is not in sync with the Podfile.lock. Run 'pod install' or update your CocoaPods installation.\" >&2\n    exit 1\nfi\n# This output is used by Xcode 'outputs' to avoid re-running this script phase.\necho \"SUCCESS\" > \"${SCRIPT_OUTPUT_FILE_0}\"\n";
			showEnvVarsInLog = 0;
		};
		6D10CB065876FE1A6E6AFBAF /* [CP] Check Pods Manifest.lock */ = {
			isa = PBXShellScriptBuildPhase;
			buildActionMask = 2147483647;
			files = (
			);
			inputFileListPaths = (
			);
			inputPaths = (
				"${PODS_PODFILE_DIR_PATH}/Podfile.lock",
				"${PODS_ROOT}/Manifest.lock",
			);
			name = "[CP] Check Pods Manifest.lock";
			outputFileListPaths = (
			);
			outputPaths = (
				"$(DERIVED_FILE_DIR)/Pods-Flix-checkManifestLockResult.txt",
			);
			runOnlyForDeploymentPostprocessing = 0;
			shellPath = /bin/sh;
			shellScript = "diff \"${PODS_PODFILE_DIR_PATH}/Podfile.lock\" \"${PODS_ROOT}/Manifest.lock\" > /dev/null\nif [ $? != 0 ] ; then\n    # print error to STDERR\n    echo \"error: The sandbox is not in sync with the Podfile.lock. Run 'pod install' or update your CocoaPods installation.\" >&2\n    exit 1\nfi\n# This output is used by Xcode 'outputs' to avoid re-running this script phase.\necho \"SUCCESS\" > \"${SCRIPT_OUTPUT_FILE_0}\"\n";
			showEnvVarsInLog = 0;
		};
		9C3F11C3C1287FF27972E5F3 /* [CP] Embed Pods Frameworks */ = {
			isa = PBXShellScriptBuildPhase;
			buildActionMask = 2147483647;
			files = (
			);
			inputFileListPaths = (
				"${PODS_ROOT}/Target Support Files/Pods-Flix-FlixUITests/Pods-Flix-FlixUITests-frameworks-${CONFIGURATION}-input-files.xcfilelist",
			);
			name = "[CP] Embed Pods Frameworks";
			outputFileListPaths = (
				"${PODS_ROOT}/Target Support Files/Pods-Flix-FlixUITests/Pods-Flix-FlixUITests-frameworks-${CONFIGURATION}-output-files.xcfilelist",
			);
			runOnlyForDeploymentPostprocessing = 0;
			shellPath = /bin/sh;
			shellScript = "\"${PODS_ROOT}/Target Support Files/Pods-Flix-FlixUITests/Pods-Flix-FlixUITests-frameworks.sh\"\n";
			showEnvVarsInLog = 0;
		};
		C9535A14A571EA9DDBE9EF46 /* [CP] Embed Pods Frameworks */ = {
			isa = PBXShellScriptBuildPhase;
			buildActionMask = 2147483647;
			files = (
			);
			inputFileListPaths = (
				"${PODS_ROOT}/Target Support Files/Pods-Flix/Pods-Flix-frameworks-${CONFIGURATION}-input-files.xcfilelist",
			);
			name = "[CP] Embed Pods Frameworks";
			outputFileListPaths = (
				"${PODS_ROOT}/Target Support Files/Pods-Flix/Pods-Flix-frameworks-${CONFIGURATION}-output-files.xcfilelist",
			);
			runOnlyForDeploymentPostprocessing = 0;
			shellPath = /bin/sh;
			shellScript = "\"${PODS_ROOT}/Target Support Files/Pods-Flix/Pods-Flix-frameworks.sh\"\n";
			showEnvVarsInLog = 0;
		};
		DA00D4F2C54CDC6AD6007B2E /* [CP] Check Pods Manifest.lock */ = {
			isa = PBXShellScriptBuildPhase;
			buildActionMask = 2147483647;
			files = (
			);
			inputFileListPaths = (
			);
			inputPaths = (
				"${PODS_PODFILE_DIR_PATH}/Podfile.lock",
				"${PODS_ROOT}/Manifest.lock",
			);
			name = "[CP] Check Pods Manifest.lock";
			outputFileListPaths = (
			);
			outputPaths = (
				"$(DERIVED_FILE_DIR)/Pods-FlixTests-checkManifestLockResult.txt",
			);
			runOnlyForDeploymentPostprocessing = 0;
			shellPath = /bin/sh;
			shellScript = "diff \"${PODS_PODFILE_DIR_PATH}/Podfile.lock\" \"${PODS_ROOT}/Manifest.lock\" > /dev/null\nif [ $? != 0 ] ; then\n    # print error to STDERR\n    echo \"error: The sandbox is not in sync with the Podfile.lock. Run 'pod install' or update your CocoaPods installation.\" >&2\n    exit 1\nfi\n# This output is used by Xcode 'outputs' to avoid re-running this script phase.\necho \"SUCCESS\" > \"${SCRIPT_OUTPUT_FILE_0}\"\n";
			showEnvVarsInLog = 0;
		};
/* End PBXShellScriptBuildPhase section */

/* Begin PBXSourcesBuildPhase section */
		7699817726838F5B00752DA5 /* Sources */ = {
			isa = PBXSourcesBuildPhase;
			buildActionMask = 2147483647;
			files = (
				7699818026838F5B00752DA5 /* AppDelegate.m in Sources */,
				7607F7E32683C4F60042B7B9 /* MovieCell.m in Sources */,
				7699819126838F5C00752DA5 /* main.m in Sources */,
				76E33D0D2683E3A1005C03C7 /* DetailsViewController.m in Sources */,
				7642A879268545A000427935 /* MovieCollectionCell.m in Sources */,
				7699818326838F5B00752DA5 /* SceneDelegate.m in Sources */,
				769981B5268397F900752DA5 /* MoviesViewController.m in Sources */,
				7642A87C268678E500427935 /* TrailerViewController.m in Sources */,
				7642A8762685426A00427935 /* MoviesGridViewController.m in Sources */,
			);
			runOnlyForDeploymentPostprocessing = 0;
		};
		7699819226838F5D00752DA5 /* Sources */ = {
			isa = PBXSourcesBuildPhase;
			buildActionMask = 2147483647;
			files = (
				7699819B26838F5D00752DA5 /* FlixTests.m in Sources */,
			);
			runOnlyForDeploymentPostprocessing = 0;
		};
		7699819D26838F5D00752DA5 /* Sources */ = {
			isa = PBXSourcesBuildPhase;
			buildActionMask = 2147483647;
			files = (
				769981A626838F5D00752DA5 /* FlixUITests.m in Sources */,
			);
			runOnlyForDeploymentPostprocessing = 0;
		};
/* End PBXSourcesBuildPhase section */

/* Begin PBXTargetDependency section */
		7699819826838F5D00752DA5 /* PBXTargetDependency */ = {
			isa = PBXTargetDependency;
			target = 7699817A26838F5B00752DA5 /* Flix */;
			targetProxy = 7699819726838F5D00752DA5 /* PBXContainerItemProxy */;
		};
		769981A326838F5D00752DA5 /* PBXTargetDependency */ = {
			isa = PBXTargetDependency;
			target = 7699817A26838F5B00752DA5 /* Flix */;
			targetProxy = 769981A226838F5D00752DA5 /* PBXContainerItemProxy */;
		};
/* End PBXTargetDependency section */

/* Begin PBXVariantGroup section */
		7699818726838F5B00752DA5 /* Main.storyboard */ = {
			isa = PBXVariantGroup;
			children = (
				7699818826838F5B00752DA5 /* Base */,
			);
			name = Main.storyboard;
			sourceTree = "<group>";
		};
		7699818C26838F5C00752DA5 /* LaunchScreen.storyboard */ = {
			isa = PBXVariantGroup;
			children = (
				7699818D26838F5C00752DA5 /* Base */,
			);
			name = LaunchScreen.storyboard;
			sourceTree = "<group>";
		};
/* End PBXVariantGroup section */

/* Begin XCBuildConfiguration section */
		769981A826838F5D00752DA5 /* Debug */ = {
			isa = XCBuildConfiguration;
			buildSettings = {
				ALWAYS_SEARCH_USER_PATHS = NO;
				CLANG_ANALYZER_NONNULL = YES;
				CLANG_ANALYZER_NUMBER_OBJECT_CONVERSION = YES_AGGRESSIVE;
				CLANG_CXX_LANGUAGE_STANDARD = "gnu++14";
				CLANG_CXX_LIBRARY = "libc++";
				CLANG_ENABLE_MODULES = YES;
				CLANG_ENABLE_OBJC_ARC = YES;
				CLANG_ENABLE_OBJC_WEAK = YES;
				CLANG_WARN_BLOCK_CAPTURE_AUTORELEASING = YES;
				CLANG_WARN_BOOL_CONVERSION = YES;
				CLANG_WARN_COMMA = YES;
				CLANG_WARN_CONSTANT_CONVERSION = YES;
				CLANG_WARN_DEPRECATED_OBJC_IMPLEMENTATIONS = YES;
				CLANG_WARN_DIRECT_OBJC_ISA_USAGE = YES_ERROR;
				CLANG_WARN_DOCUMENTATION_COMMENTS = YES;
				CLANG_WARN_EMPTY_BODY = YES;
				CLANG_WARN_ENUM_CONVERSION = YES;
				CLANG_WARN_INFINITE_RECURSION = YES;
				CLANG_WARN_INT_CONVERSION = YES;
				CLANG_WARN_NON_LITERAL_NULL_CONVERSION = YES;
				CLANG_WARN_OBJC_IMPLICIT_RETAIN_SELF = YES;
				CLANG_WARN_OBJC_LITERAL_CONVERSION = YES;
				CLANG_WARN_OBJC_ROOT_CLASS = YES_ERROR;
				CLANG_WARN_QUOTED_INCLUDE_IN_FRAMEWORK_HEADER = YES;
				CLANG_WARN_RANGE_LOOP_ANALYSIS = YES;
				CLANG_WARN_STRICT_PROTOTYPES = YES;
				CLANG_WARN_SUSPICIOUS_MOVE = YES;
				CLANG_WARN_UNGUARDED_AVAILABILITY = YES_AGGRESSIVE;
				CLANG_WARN_UNREACHABLE_CODE = YES;
				CLANG_WARN__DUPLICATE_METHOD_MATCH = YES;
				COPY_PHASE_STRIP = NO;
				DEBUG_INFORMATION_FORMAT = dwarf;
				ENABLE_STRICT_OBJC_MSGSEND = YES;
				ENABLE_TESTABILITY = YES;
				GCC_C_LANGUAGE_STANDARD = gnu11;
				GCC_DYNAMIC_NO_PIC = NO;
				GCC_NO_COMMON_BLOCKS = YES;
				GCC_OPTIMIZATION_LEVEL = 0;
				GCC_PREPROCESSOR_DEFINITIONS = (
					"DEBUG=1",
					"$(inherited)",
				);
				GCC_WARN_64_TO_32_BIT_CONVERSION = YES;
				GCC_WARN_ABOUT_RETURN_TYPE = YES_ERROR;
				GCC_WARN_UNDECLARED_SELECTOR = YES;
				GCC_WARN_UNINITIALIZED_AUTOS = YES_AGGRESSIVE;
				GCC_WARN_UNUSED_FUNCTION = YES;
				GCC_WARN_UNUSED_VARIABLE = YES;
				IPHONEOS_DEPLOYMENT_TARGET = 14.5;
				MTL_ENABLE_DEBUG_INFO = INCLUDE_SOURCE;
				MTL_FAST_MATH = YES;
				ONLY_ACTIVE_ARCH = YES;
				SDKROOT = iphoneos;
			};
			name = Debug;
		};
		769981A926838F5D00752DA5 /* Release */ = {
			isa = XCBuildConfiguration;
			buildSettings = {
				ALWAYS_SEARCH_USER_PATHS = NO;
				CLANG_ANALYZER_NONNULL = YES;
				CLANG_ANALYZER_NUMBER_OBJECT_CONVERSION = YES_AGGRESSIVE;
				CLANG_CXX_LANGUAGE_STANDARD = "gnu++14";
				CLANG_CXX_LIBRARY = "libc++";
				CLANG_ENABLE_MODULES = YES;
				CLANG_ENABLE_OBJC_ARC = YES;
				CLANG_ENABLE_OBJC_WEAK = YES;
				CLANG_WARN_BLOCK_CAPTURE_AUTORELEASING = YES;
				CLANG_WARN_BOOL_CONVERSION = YES;
				CLANG_WARN_COMMA = YES;
				CLANG_WARN_CONSTANT_CONVERSION = YES;
				CLANG_WARN_DEPRECATED_OBJC_IMPLEMENTATIONS = YES;
				CLANG_WARN_DIRECT_OBJC_ISA_USAGE = YES_ERROR;
				CLANG_WARN_DOCUMENTATION_COMMENTS = YES;
				CLANG_WARN_EMPTY_BODY = YES;
				CLANG_WARN_ENUM_CONVERSION = YES;
				CLANG_WARN_INFINITE_RECURSION = YES;
				CLANG_WARN_INT_CONVERSION = YES;
				CLANG_WARN_NON_LITERAL_NULL_CONVERSION = YES;
				CLANG_WARN_OBJC_IMPLICIT_RETAIN_SELF = YES;
				CLANG_WARN_OBJC_LITERAL_CONVERSION = YES;
				CLANG_WARN_OBJC_ROOT_CLASS = YES_ERROR;
				CLANG_WARN_QUOTED_INCLUDE_IN_FRAMEWORK_HEADER = YES;
				CLANG_WARN_RANGE_LOOP_ANALYSIS = YES;
				CLANG_WARN_STRICT_PROTOTYPES = YES;
				CLANG_WARN_SUSPICIOUS_MOVE = YES;
				CLANG_WARN_UNGUARDED_AVAILABILITY = YES_AGGRESSIVE;
				CLANG_WARN_UNREACHABLE_CODE = YES;
				CLANG_WARN__DUPLICATE_METHOD_MATCH = YES;
				COPY_PHASE_STRIP = NO;
				DEBUG_INFORMATION_FORMAT = "dwarf-with-dsym";
				ENABLE_NS_ASSERTIONS = NO;
				ENABLE_STRICT_OBJC_MSGSEND = YES;
				GCC_C_LANGUAGE_STANDARD = gnu11;
				GCC_NO_COMMON_BLOCKS = YES;
				GCC_WARN_64_TO_32_BIT_CONVERSION = YES;
				GCC_WARN_ABOUT_RETURN_TYPE = YES_ERROR;
				GCC_WARN_UNDECLARED_SELECTOR = YES;
				GCC_WARN_UNINITIALIZED_AUTOS = YES_AGGRESSIVE;
				GCC_WARN_UNUSED_FUNCTION = YES;
				GCC_WARN_UNUSED_VARIABLE = YES;
				IPHONEOS_DEPLOYMENT_TARGET = 14.5;
				MTL_ENABLE_DEBUG_INFO = NO;
				MTL_FAST_MATH = YES;
				SDKROOT = iphoneos;
				VALIDATE_PRODUCT = YES;
			};
			name = Release;
		};
		769981AB26838F5D00752DA5 /* Debug */ = {
			isa = XCBuildConfiguration;
			baseConfigurationReference = 6AC270F7C67B0FA34FD7827F /* Pods-Flix.debug.xcconfig */;
			buildSettings = {
				ASSETCATALOG_COMPILER_APPICON_NAME = AppIcon;
				ASSETCATALOG_COMPILER_GLOBAL_ACCENT_COLOR_NAME = AccentColor;
				CODE_SIGN_STYLE = Automatic;
				DEVELOPMENT_TEAM = U4434QKULQ;
				INFOPLIST_FILE = Flix/Info.plist;
				LD_RUNPATH_SEARCH_PATHS = (
					"$(inherited)",
					"@executable_path/Frameworks",
				);
				PRODUCT_BUNDLE_IDENTIFIER = com.surbhij.Flix;
				PRODUCT_NAME = "$(TARGET_NAME)";
				TARGETED_DEVICE_FAMILY = "1,2";
			};
			name = Debug;
		};
		769981AC26838F5D00752DA5 /* Release */ = {
			isa = XCBuildConfiguration;
			baseConfigurationReference = D9C04B7BE2B45CBA0D23CAE1 /* Pods-Flix.release.xcconfig */;
			buildSettings = {
				ASSETCATALOG_COMPILER_APPICON_NAME = AppIcon;
				ASSETCATALOG_COMPILER_GLOBAL_ACCENT_COLOR_NAME = AccentColor;
				CODE_SIGN_STYLE = Automatic;
				DEVELOPMENT_TEAM = U4434QKULQ;
				INFOPLIST_FILE = Flix/Info.plist;
				LD_RUNPATH_SEARCH_PATHS = (
					"$(inherited)",
					"@executable_path/Frameworks",
				);
				PRODUCT_BUNDLE_IDENTIFIER = com.surbhij.Flix;
				PRODUCT_NAME = "$(TARGET_NAME)";
				TARGETED_DEVICE_FAMILY = "1,2";
			};
			name = Release;
		};
		769981AE26838F5D00752DA5 /* Debug */ = {
			isa = XCBuildConfiguration;
			baseConfigurationReference = 75B8DA2FD6CD096182187929 /* Pods-FlixTests.debug.xcconfig */;
			buildSettings = {
				BUNDLE_LOADER = "$(TEST_HOST)";
				CODE_SIGN_STYLE = Automatic;
				DEVELOPMENT_TEAM = U4434QKULQ;
				INFOPLIST_FILE = FlixTests/Info.plist;
				IPHONEOS_DEPLOYMENT_TARGET = 14.5;
				LD_RUNPATH_SEARCH_PATHS = (
					"$(inherited)",
					"@executable_path/Frameworks",
					"@loader_path/Frameworks",
				);
				PRODUCT_BUNDLE_IDENTIFIER = com.surbhij.FlixTests;
				PRODUCT_NAME = "$(TARGET_NAME)";
				TARGETED_DEVICE_FAMILY = "1,2";
				TEST_HOST = "$(BUILT_PRODUCTS_DIR)/Flix.app/Flix";
			};
			name = Debug;
		};
		769981AF26838F5D00752DA5 /* Release */ = {
			isa = XCBuildConfiguration;
			baseConfigurationReference = 0779B6385CE945D6069DF8C1 /* Pods-FlixTests.release.xcconfig */;
			buildSettings = {
				BUNDLE_LOADER = "$(TEST_HOST)";
				CODE_SIGN_STYLE = Automatic;
				DEVELOPMENT_TEAM = U4434QKULQ;
				INFOPLIST_FILE = FlixTests/Info.plist;
				IPHONEOS_DEPLOYMENT_TARGET = 14.5;
				LD_RUNPATH_SEARCH_PATHS = (
					"$(inherited)",
					"@executable_path/Frameworks",
					"@loader_path/Frameworks",
				);
				PRODUCT_BUNDLE_IDENTIFIER = com.surbhij.FlixTests;
				PRODUCT_NAME = "$(TARGET_NAME)";
				TARGETED_DEVICE_FAMILY = "1,2";
				TEST_HOST = "$(BUILT_PRODUCTS_DIR)/Flix.app/Flix";
			};
			name = Release;
		};
		769981B126838F5D00752DA5 /* Debug */ = {
			isa = XCBuildConfiguration;
			baseConfigurationReference = 80C6E29CF8D3033D217CF522 /* Pods-Flix-FlixUITests.debug.xcconfig */;
			buildSettings = {
				CODE_SIGN_STYLE = Automatic;
				DEVELOPMENT_TEAM = U4434QKULQ;
				INFOPLIST_FILE = FlixUITests/Info.plist;
				LD_RUNPATH_SEARCH_PATHS = (
					"$(inherited)",
					"@executable_path/Frameworks",
					"@loader_path/Frameworks",
				);
				PRODUCT_BUNDLE_IDENTIFIER = com.surbhij.FlixUITests;
				PRODUCT_NAME = "$(TARGET_NAME)";
				TARGETED_DEVICE_FAMILY = "1,2";
				TEST_TARGET_NAME = Flix;
			};
			name = Debug;
		};
		769981B226838F5D00752DA5 /* Release */ = {
			isa = XCBuildConfiguration;
			baseConfigurationReference = FA48A71D62B27B65C34D8A4D /* Pods-Flix-FlixUITests.release.xcconfig */;
			buildSettings = {
				CODE_SIGN_STYLE = Automatic;
				DEVELOPMENT_TEAM = U4434QKULQ;
				INFOPLIST_FILE = FlixUITests/Info.plist;
				LD_RUNPATH_SEARCH_PATHS = (
					"$(inherited)",
					"@executable_path/Frameworks",
					"@loader_path/Frameworks",
				);
				PRODUCT_BUNDLE_IDENTIFIER = com.surbhij.FlixUITests;
				PRODUCT_NAME = "$(TARGET_NAME)";
				TARGETED_DEVICE_FAMILY = "1,2";
				TEST_TARGET_NAME = Flix;
			};
			name = Release;
		};
/* End XCBuildConfiguration section */

/* Begin XCConfigurationList section */
		7699817626838F5B00752DA5 /* Build configuration list for PBXProject "Flix" */ = {
			isa = XCConfigurationList;
			buildConfigurations = (
				769981A826838F5D00752DA5 /* Debug */,
				769981A926838F5D00752DA5 /* Release */,
			);
			defaultConfigurationIsVisible = 0;
			defaultConfigurationName = Release;
		};
		769981AA26838F5D00752DA5 /* Build configuration list for PBXNativeTarget "Flix" */ = {
			isa = XCConfigurationList;
			buildConfigurations = (
				769981AB26838F5D00752DA5 /* Debug */,
				769981AC26838F5D00752DA5 /* Release */,
			);
			defaultConfigurationIsVisible = 0;
			defaultConfigurationName = Release;
		};
		769981AD26838F5D00752DA5 /* Build configuration list for PBXNativeTarget "FlixTests" */ = {
			isa = XCConfigurationList;
			buildConfigurations = (
				769981AE26838F5D00752DA5 /* Debug */,
				769981AF26838F5D00752DA5 /* Release */,
			);
			defaultConfigurationIsVisible = 0;
			defaultConfigurationName = Release;
		};
		769981B026838F5D00752DA5 /* Build configuration list for PBXNativeTarget "FlixUITests" */ = {
			isa = XCConfigurationList;
			buildConfigurations = (
				769981B126838F5D00752DA5 /* Debug */,
				769981B226838F5D00752DA5 /* Release */,
			);
			defaultConfigurationIsVisible = 0;
			defaultConfigurationName = Release;
		};
/* End XCConfigurationList section */
	};
	rootObject = 7699817326838F5B00752DA5 /* Project object */;
}
